
Microsoft Visual Studio Solution File, Format Version 12.00
# Visual Studio Version 16
VisualStudioVersion = 16.0.29709.97
MinimumVisualStudioVersion = 10.0.40219.1
Project("{FAE04EC0-301F-11D3-BF4B-00C04F79EFBC}") = "INF154Prac04(u20447613)", "INF154Prac04(u20447613)\INF154Prac04(u20447613).csproj", "{4C7E7641-1C05-4680-AF43-21CEB729D9E8}"
EndProject
Global
	GlobalSection(SolutionConfigurationPlatforms) = preSolution
		Debug|Any CPU = Debug|Any CPU
		Release|Any CPU = Release|Any CPU
	EndGlobalSection
	GlobalSection(ProjectConfigurationPlatforms) = postSolution
		{4C7E7641-1C05-4680-AF43-21CEB729D9E8}.Debug|Any CPU.ActiveCfg = Debug|Any CPU
		{4C7E7641-1C05-4680-AF43-21CEB729D9E8}.Debug|Any CPU.Build.0 = Debug|Any CPU
		{4C7E7641-1C05-4680-AF43-21CEB729D9E8}.Release|Any CPU.ActiveCfg = Release|Any CPU
		{4C7E7641-1C05-4680-AF43-21CEB729D9E8}.Release|Any CPU.Build.0 = Release|Any CPU
	EndGlobalSection
	GlobalSection(SolutionProperties) = preSolution
		HideSolutionNode = FALSE
	EndGlobalSection
	GlobalSection(ExtensibilityGlobals) = postSolution
		SolutionGuid = {99FD2359-4AC3-4D91-98DB-CE0A1640B9D1}
	EndGlobalSection
EndGlobal
