
Microsoft Visual Studio Solution File, Format Version 12.00
# Visual Studio Version 16
VisualStudioVersion = 16.0.29709.97
MinimumVisualStudioVersion = 10.0.40219.1
Project("{FAE04EC0-301F-11D3-BF4B-00C04F79EFBC}") = "INF154Prac09(u20447613)", "INF154Prac09(u20447613)\INF154Prac09(u20447613).csproj", "{A7601CB0-47B1-4252-BFCD-51B165EEE0CA}"
EndProject
Global
	GlobalSection(SolutionConfigurationPlatforms) = preSolution
		Debug|Any CPU = Debug|Any CPU
		Release|Any CPU = Release|Any CPU
	EndGlobalSection
	GlobalSection(ProjectConfigurationPlatforms) = postSolution
		{A7601CB0-47B1-4252-BFCD-51B165EEE0CA}.Debug|Any CPU.ActiveCfg = Debug|Any CPU
		{A7601CB0-47B1-4252-BFCD-51B165EEE0CA}.Debug|Any CPU.Build.0 = Debug|Any CPU
		{A7601CB0-47B1-4252-BFCD-51B165EEE0CA}.Release|Any CPU.ActiveCfg = Release|Any CPU
		{A7601CB0-47B1-4252-BFCD-51B165EEE0CA}.Release|Any CPU.Build.0 = Release|Any CPU
	EndGlobalSection
	GlobalSection(SolutionProperties) = preSolution
		HideSolutionNode = FALSE
	EndGlobalSection
	GlobalSection(ExtensibilityGlobals) = postSolution
		SolutionGuid = {3DAB48BF-868F-4EB9-B363-24CF28839E00}
	EndGlobalSection
EndGlobal
