
Microsoft Visual Studio Solution File, Format Version 12.00
# Visual Studio Version 16
VisualStudioVersion = 16.0.29709.97
MinimumVisualStudioVersion = 10.0.40219.1
Project("{FAE04EC0-301F-11D3-BF4B-00C04F79EFBC}") = "INF154_Practical_1", "INF154_Practical_1\INF154_Practical_1.csproj", "{663EBB15-93C2-45FD-BB7F-3FC6E4E3EEFC}"
EndProject
Global
	GlobalSection(SolutionConfigurationPlatforms) = preSolution
		Debug|Any CPU = Debug|Any CPU
		Release|Any CPU = Release|Any CPU
	EndGlobalSection
	GlobalSection(ProjectConfigurationPlatforms) = postSolution
		{663EBB15-93C2-45FD-BB7F-3FC6E4E3EEFC}.Debug|Any CPU.ActiveCfg = Debug|Any CPU
		{663EBB15-93C2-45FD-BB7F-3FC6E4E3EEFC}.Debug|Any CPU.Build.0 = Debug|Any CPU
		{663EBB15-93C2-45FD-BB7F-3FC6E4E3EEFC}.Release|Any CPU.ActiveCfg = Release|Any CPU
		{663EBB15-93C2-45FD-BB7F-3FC6E4E3EEFC}.Release|Any CPU.Build.0 = Release|Any CPU
	EndGlobalSection
	GlobalSection(SolutionProperties) = preSolution
		HideSolutionNode = FALSE
	EndGlobalSection
	GlobalSection(ExtensibilityGlobals) = postSolution
		SolutionGuid = {66622A77-4BD1-4AFB-B52F-42872D60F423}
	EndGlobalSection
EndGlobal
