
Microsoft Visual Studio Solution File, Format Version 12.00
# Visual Studio Version 16
VisualStudioVersion = 16.0.29709.97
MinimumVisualStudioVersion = 10.0.40219.1
Project("{FAE04EC0-301F-11D3-BF4B-00C04F79EFBC}") = "INF154Prac03(u20447613)", "INF154Prac03(u20447613)\INF154Prac03(u20447613).csproj", "{5ADCBFA6-9FB7-4248-BE8C-5B260A3327F8}"
EndProject
Global
	GlobalSection(SolutionConfigurationPlatforms) = preSolution
		Debug|Any CPU = Debug|Any CPU
		Release|Any CPU = Release|Any CPU
	EndGlobalSection
	GlobalSection(ProjectConfigurationPlatforms) = postSolution
		{5ADCBFA6-9FB7-4248-BE8C-5B260A3327F8}.Debug|Any CPU.ActiveCfg = Debug|Any CPU
		{5ADCBFA6-9FB7-4248-BE8C-5B260A3327F8}.Debug|Any CPU.Build.0 = Debug|Any CPU
		{5ADCBFA6-9FB7-4248-BE8C-5B260A3327F8}.Release|Any CPU.ActiveCfg = Release|Any CPU
		{5ADCBFA6-9FB7-4248-BE8C-5B260A3327F8}.Release|Any CPU.Build.0 = Release|Any CPU
	EndGlobalSection
	GlobalSection(SolutionProperties) = preSolution
		HideSolutionNode = FALSE
	EndGlobalSection
	GlobalSection(ExtensibilityGlobals) = postSolution
		SolutionGuid = {FD884406-2809-4A08-A7A3-32722500378C}
	EndGlobalSection
EndGlobal
