
Microsoft Visual Studio Solution File, Format Version 12.00
# Visual Studio Version 16
VisualStudioVersion = 16.0.29709.97
MinimumVisualStudioVersion = 10.0.40219.1
Project("{FAE04EC0-301F-11D3-BF4B-00C04F79EFBC}") = "INF154Ass9U20447613", "INF154Ass9U20447613\INF154Ass9U20447613.csproj", "{1FC9DACE-1813-4C42-8A44-D5299172437D}"
EndProject
Global
	GlobalSection(SolutionConfigurationPlatforms) = preSolution
		Debug|Any CPU = Debug|Any CPU
		Release|Any CPU = Release|Any CPU
	EndGlobalSection
	GlobalSection(ProjectConfigurationPlatforms) = postSolution
		{1FC9DACE-1813-4C42-8A44-D5299172437D}.Debug|Any CPU.ActiveCfg = Debug|Any CPU
		{1FC9DACE-1813-4C42-8A44-D5299172437D}.Debug|Any CPU.Build.0 = Debug|Any CPU
		{1FC9DACE-1813-4C42-8A44-D5299172437D}.Release|Any CPU.ActiveCfg = Release|Any CPU
		{1FC9DACE-1813-4C42-8A44-D5299172437D}.Release|Any CPU.Build.0 = Release|Any CPU
	EndGlobalSection
	GlobalSection(SolutionProperties) = preSolution
		HideSolutionNode = FALSE
	EndGlobalSection
	GlobalSection(ExtensibilityGlobals) = postSolution
		SolutionGuid = {75F2202F-D546-4EEB-84AE-EDCFC681E008}
	EndGlobalSection
EndGlobal
