
Microsoft Visual Studio Solution File, Format Version 12.00
# Visual Studio Version 16
VisualStudioVersion = 16.0.29709.97
MinimumVisualStudioVersion = 10.0.40219.1
Project("{FAE04EC0-301F-11D3-BF4B-00C04F79EFBC}") = "INF154Prac02Ex01", "INF154Prac02Ex01\INF154Prac02Ex01.csproj", "{75E9106B-C0FF-4931-9A58-C2391EAA0739}"
EndProject
Global
	GlobalSection(SolutionConfigurationPlatforms) = preSolution
		Debug|Any CPU = Debug|Any CPU
		Release|Any CPU = Release|Any CPU
	EndGlobalSection
	GlobalSection(ProjectConfigurationPlatforms) = postSolution
		{75E9106B-C0FF-4931-9A58-C2391EAA0739}.Debug|Any CPU.ActiveCfg = Debug|Any CPU
		{75E9106B-C0FF-4931-9A58-C2391EAA0739}.Debug|Any CPU.Build.0 = Debug|Any CPU
		{75E9106B-C0FF-4931-9A58-C2391EAA0739}.Release|Any CPU.ActiveCfg = Release|Any CPU
		{75E9106B-C0FF-4931-9A58-C2391EAA0739}.Release|Any CPU.Build.0 = Release|Any CPU
	EndGlobalSection
	GlobalSection(SolutionProperties) = preSolution
		HideSolutionNode = FALSE
	EndGlobalSection
	GlobalSection(ExtensibilityGlobals) = postSolution
		SolutionGuid = {8991D416-690C-466D-BD55-DAF1BA46DEF9}
	EndGlobalSection
EndGlobal
