
Microsoft Visual Studio Solution File, Format Version 12.00
# Visual Studio Version 16
VisualStudioVersion = 16.0.29709.97
MinimumVisualStudioVersion = 10.0.40219.1
Project("{FAE04EC0-301F-11D3-BF4B-00C04F79EFBC}") = "INF154Prac02Ex02", "INF154Prac02Ex02\INF154Prac02Ex02.csproj", "{EB803E49-6211-4D7D-8BFB-D35D5B94C91E}"
EndProject
Global
	GlobalSection(SolutionConfigurationPlatforms) = preSolution
		Debug|Any CPU = Debug|Any CPU
		Release|Any CPU = Release|Any CPU
	EndGlobalSection
	GlobalSection(ProjectConfigurationPlatforms) = postSolution
		{EB803E49-6211-4D7D-8BFB-D35D5B94C91E}.Debug|Any CPU.ActiveCfg = Debug|Any CPU
		{EB803E49-6211-4D7D-8BFB-D35D5B94C91E}.Debug|Any CPU.Build.0 = Debug|Any CPU
		{EB803E49-6211-4D7D-8BFB-D35D5B94C91E}.Release|Any CPU.ActiveCfg = Release|Any CPU
		{EB803E49-6211-4D7D-8BFB-D35D5B94C91E}.Release|Any CPU.Build.0 = Release|Any CPU
	EndGlobalSection
	GlobalSection(SolutionProperties) = preSolution
		HideSolutionNode = FALSE
	EndGlobalSection
	GlobalSection(ExtensibilityGlobals) = postSolution
		SolutionGuid = {6B59F07C-36EC-4320-8931-E64FDC135D96}
	EndGlobalSection
EndGlobal
