
Microsoft Visual Studio Solution File, Format Version 12.00
# Visual Studio Version 16
VisualStudioVersion = 16.0.29709.97
MinimumVisualStudioVersion = 10.0.40219.1
Project("{FAE04EC0-301F-11D3-BF4B-00C04F79EFBC}") = "INF154_Homework_1", "INF154_Homework_1\INF154_Homework_1.csproj", "{A691C371-7071-4F85-B4FB-ACFDE834B7F9}"
EndProject
Global
	GlobalSection(SolutionConfigurationPlatforms) = preSolution
		Debug|Any CPU = Debug|Any CPU
		Release|Any CPU = Release|Any CPU
	EndGlobalSection
	GlobalSection(ProjectConfigurationPlatforms) = postSolution
		{A691C371-7071-4F85-B4FB-ACFDE834B7F9}.Debug|Any CPU.ActiveCfg = Debug|Any CPU
		{A691C371-7071-4F85-B4FB-ACFDE834B7F9}.Debug|Any CPU.Build.0 = Debug|Any CPU
		{A691C371-7071-4F85-B4FB-ACFDE834B7F9}.Release|Any CPU.ActiveCfg = Release|Any CPU
		{A691C371-7071-4F85-B4FB-ACFDE834B7F9}.Release|Any CPU.Build.0 = Release|Any CPU
	EndGlobalSection
	GlobalSection(SolutionProperties) = preSolution
		HideSolutionNode = FALSE
	EndGlobalSection
	GlobalSection(ExtensibilityGlobals) = postSolution
		SolutionGuid = {DE9ABC3D-1FD1-41AE-955B-06CFE50A0E87}
	EndGlobalSection
EndGlobal
